<?xml version="1.0" encoding="utf-8"?>
<Project ToolsVersion="4.0" xmlns="http://schemas.microsoft.com/developer/msbuild/2003">
  <ItemGroup>
    <Filter Include="Source Files">
      <UniqueIdentifier>{4FC737F1-C7A5-4376-A066-2A32D752A2FF}</UniqueIdentifier>
      <Extensions>cpp;c;cc;cxx;c++;cppm;ixx;def;odl;idl;hpj;bat;asm;asmx</Extensions>
    </Filter>
    <Filter Include="Header Files">
      <UniqueIdentifier>{93995380-89BD-4b04-88EB-625FBE52EBFB}</UniqueIdentifier>
      <Extensions>h;hh;hpp;hxx;h++;hm;inl;inc;ipp;xsd</Extensions>
    </Filter>
    <Filter Include="Resource Files">
      <UniqueIdentifier>{67DA6AB6-F800-4c08-8B7A-83BB121AAD01}</UniqueIdentifier>
      <Extensions>rc;ico;cur;bmp;dlg;rc2;rct;bin;rgs;gif;jpg;jpeg;jpe;resx;tiff;tif;png;wav;mfcribbon-ms</Extensions>
    </Filter>
    <Filter Include="assets">
      <UniqueIdentifier>{3a38b281-2eda-4fd6-822e-ad7c8fdf4400}</UniqueIdentifier>
    </Filter>
  </ItemGroup>
  <ItemGroup>
    <ClCompile Include="main.cpp">
      <Filter>Source Files</Filter>
    </ClCompile>
    <ClCompile Include="glad.c">
      <Filter>Source Files</Filter>
    </ClCompile>
    <ClCompile Include="surface.cpp">
      <Filter>Source Files</Filter>
    </ClCompile>
    <ClCompile Include="zmap.cpp">
      <Filter>Source Files</Filter>
    </ClCompile>
    <ClCompile Include="InternalObject.cpp">
      <Filter>Source Files</Filter>
    </ClCompile>
    <ClCompile Include="Texture.cpp">
      <Filter>Source Files</Filter>
    </ClCompile>
    <ClCompile Include="Graphics.cpp">
      <Filter>Source Files</Filter>
    </ClCompile>
    <ClCompile Include="debug_camera.cpp">
      <Filter>Source Files</Filter>
    </ClCompile>
    <ClCompile Include="DebugGraphics.cpp">
      <Filter>Source Files</Filter>
    </ClCompile>
    <ClCompile Include="Default3d.cpp">
      <Filter>Source Files</Filter>
    </ClCompile>
    <ClCompile Include="Default2d.cpp">
      <Filter>Source Files</Filter>
    </ClCompile>
    <ClCompile Include="ZMapper.cpp">
      <Filter>Source Files</Filter>
    </ClCompile>
    <ClCompile Include="collision.cpp">
      <Filter>Source Files</Filter>
    </ClCompile>
    <ClCompile Include="level.cpp">
      <Filter>Source Files</Filter>
    </ClCompile>
    <ClCompile Include="sound.cpp">
      <Filter>Source Files</Filter>
    </ClCompile>
    <ClCompile Include="Dynamic3d.cpp">
      <Filter>Source Files</Filter>
    </ClCompile>
    <ClCompile Include="Model.cpp">
      <Filter>Source Files</Filter>
    </ClCompile>
    <ClCompile Include="animation.cpp">
      <Filter>Source Files</Filter>
    </ClCompile>
    <ClCompile Include="GameObject.cpp">
      <Filter>Source Files</Filter>
    </ClCompile>
    <ClCompile Include="UI.cpp">
      <Filter>Source Files</Filter>
    </ClCompile>
    <ClCompile Include="vertex_group.cpp">
      <Filter>Source Files</Filter>
    </ClCompile>
  </ItemGroup>
  <ItemGroup>
    <ClInclude Include="Default3d.h">
      <Filter>Header Files</Filter>
    </ClInclude>
    <ClInclude Include="GameObject.h">
      <Filter>Header Files</Filter>
    </ClInclude>
    <ClInclude Include="Graphics.hpp">
      <Filter>Header Files</Filter>
    </ClInclude>
    <ClInclude Include="Hitbox.h">
      <Filter>Header Files</Filter>
    </ClInclude>
    <ClInclude Include="GraphicsObject.h">
      <Filter>Header Files</Filter>
    </ClInclude>
    <ClInclude Include="Model.h">
      <Filter>Header Files</Filter>
    </ClInclude>
    <ClInclude Include="Texture.h">
      <Filter>Header Files</Filter>
    </ClInclude>
    <ClInclude Include="Texture3d.h">
      <Filter>Header Files</Filter>
    </ClInclude>
    <ClInclude Include="stb_image.h">
      <Filter>Header Files</Filter>
    </ClInclude>
    <ClInclude Include="DebugGraphics.h">
      <Filter>Header Files</Filter>
    </ClInclude>
    <ClInclude Include="Debugger.h">
      <Filter>Header Files</Filter>
    </ClInclude>
    <ClInclude Include="level.h">
      <Filter>Header Files</Filter>
    </ClInclude>
    <ClInclude Include="camera.h">
      <Filter>Header Files</Filter>
    </ClInclude>
    <ClInclude Include="InternalObject.h">
      <Filter>Header Files</Filter>
    </ClInclude>
    <ClInclude Include="debug_camera.h">
      <Filter>Header Files</Filter>
    </ClInclude>
    <ClInclude Include="ZMapper.h">
      <Filter>Header Files</Filter>
    </ClInclude>
    <ClInclude Include="stb_image_write.h">
      <Filter>Header Files</Filter>
    </ClInclude>
    <ClInclude Include="zmap.h">
      <Filter>Header Files</Filter>
    </ClInclude>
    <ClInclude Include="player_camera.h">
      <Filter>Header Files</Filter>
    </ClInclude>
    <ClInclude Include="motion_constraint.h">
      <Filter>Header Files</Filter>
    </ClInclude>
    <ClInclude Include="zdata.hpp">
      <Filter>Header Files</Filter>
    </ClInclude>
    <ClInclude Include="graph.h">
      <Filter>Header Files</Filter>
    </ClInclude>
    <ClInclude Include="collision.hpp">
      <Filter>Header Files</Filter>
    </ClInclude>
    <ClInclude Include="no_collide_constraint.hpp">
      <Filter>Header Files</Filter>
    </ClInclude>
    <ClInclude Include="surface.hpp">
      <Filter>Header Files</Filter>
    </ClInclude>
    <ClInclude Include="physics.hpp">
      <Filter>Header Files</Filter>
    </ClInclude>
    <ClInclude Include="Default2d.hpp">
      <Filter>Header Files</Filter>
    </ClInclude>
    <ClInclude Include="UI.h">
      <Filter>Header Files</Filter>
    </ClInclude>
    <ClInclude Include="debug_menu.h">
      <Filter>Header Files</Filter>
    </ClInclude>
    <ClInclude Include="text_graphics.hpp">
      <Filter>Header Files</Filter>
    </ClInclude>
    <ClInclude Include="sequence.h">
      <Filter>Header Files</Filter>
    </ClInclude>
    <ClInclude Include="sound.hpp">
      <Filter>Header Files</Filter>
    </ClInclude>
    <ClInclude Include="Dynamic3d.hpp">
      <Filter>Header Files</Filter>
    </ClInclude>
    <ClInclude Include="dynamic_model.hpp">
      <Filter>Header Files</Filter>
    </ClInclude>
    <ClInclude Include="sub_ui.hpp">
      <Filter>Header Files</Filter>
    </ClInclude>
    <ClInclude Include="debug_player.hpp">
      <Filter>Header Files</Filter>
    </ClInclude>
    <ClInclude Include="Humanoid.hpp">
      <Filter>Header Files</Filter>
    </ClInclude>
    <ClInclude Include="interface.hpp">
      <Filter>Header Files</Filter>
    </ClInclude>
    <ClInclude Include="scene.hpp">
      <Filter>Header Files</Filter>
    </ClInclude>
    <ClInclude Include="game_main.hpp">
      <Filter>Header Files</Filter>
    </ClInclude>
    <ClInclude Include="graphics_base.hpp">
      <Filter>Header Files</Filter>
    </ClInclude>
    <ClInclude Include="animation_menu.hpp">
      <Filter>Header Files</Filter>
    </ClInclude>
    <ClInclude Include="graphics_raw.hpp">
      <Filter>Header Files</Filter>
    </ClInclude>
    <ClInclude Include="text.hpp">
      <Filter>Header Files</Filter>
    </ClInclude>
    <ClInclude Include="textbox_object.hpp">
      <Filter>Header Files</Filter>
    </ClInclude>
    <ClInclude Include="animation.hpp">
      <Filter>Header Files</Filter>
    </ClInclude>
    <ClInclude Include="collision_info.hpp">
      <Filter>Header Files</Filter>
    </ClInclude>
    <ClInclude Include="mesh_utils.hpp">
      <Filter>Header Files</Filter>
    </ClInclude>
    <ClInclude Include="physics_mesh.hpp">
      <Filter>Source Files</Filter>
    </ClInclude>
    <ClInclude Include="vertex_group.hpp">
      <Filter>Header Files</Filter>
    </ClInclude>
    <ClInclude Include="skeleton.hpp">
      <Filter>Header Files</Filter>
    </ClInclude>
    <ClInclude Include="MyGameObject.hpp">
      <Filter>Header Files</Filter>
    </ClInclude>
    <ClInclude Include="math_constants.hpp">
      <Filter>Header Files</Filter>
    </ClInclude>
    <ClInclude Include="signal.hpp">
      <Filter>Header Files</Filter>
    </ClInclude>
    <ClInclude Include="solid_tex.hpp">
      <Filter>Header Files</Filter>
    </ClInclude>
    <ClInclude Include="ParametricObject.hpp">
      <Filter>Header Files</Filter>
    </ClInclude>
    <ClInclude Include="Parametric3d.hpp">
      <Filter>Header Files</Filter>
    </ClInclude>
    <ClInclude Include="parametric_model.hpp">
      <Filter>Header Files</Filter>
    </ClInclude>
    <ClInclude Include="interaction_pair.h">
      <Filter>Header Files</Filter>
    </ClInclude>
  </ItemGroup>
</Project>